
Microsoft Visual Studio Solution File, Format Version 12.00
# Visual Studio Version 17
VisualStudioVersion = 17.13.35931.197 d17.13
MinimumVisualStudioVersion = 10.0.40219.1
Project("{FAE04EC0-301F-11D3-BF4B-00C04F79EFBC}") = "TiffinTracker", "TiffinTracker.csproj", "{0388A0AE-129C-4A7B-8962-C6F73095AD18}"
EndProject
Global
	GlobalSection(SolutionConfigurationPlatforms) = preSolution
		Debug|Any CPU = Debug|Any CPU
		Release|Any CPU = Release|Any CPU
	EndGlobalSection
	GlobalSection(ProjectConfigurationPlatforms) = postSolution
		{0388A0AE-129C-4A7B-8962-C6F73095AD18}.Debug|Any CPU.ActiveCfg = Debug|Any CPU
		{0388A0AE-129C-4A7B-8962-C6F73095AD18}.Debug|Any CPU.Build.0 = Debug|Any CPU
		{0388A0AE-129C-4A7B-8962-C6F73095AD18}.Release|Any CPU.ActiveCfg = Release|Any CPU
		{0388A0AE-129C-4A7B-8962-C6F73095AD18}.Release|Any CPU.Build.0 = Release|Any CPU
	EndGlobalSection
	GlobalSection(SolutionProperties) = preSolution
		HideSolutionNode = FALSE
	EndGlobalSection
	GlobalSection(ExtensibilityGlobals) = postSolution
		SolutionGuid = {970823C8-D698-44CE-A973-2DB49760C1E7}
	EndGlobalSection
EndGlobal
